// !$*UTF8*$!
{
	archiveVersion = 1;
	classes = {
	};
	objectVersion = 46;
	objects = {

/* Begin PBXBuildFile section */
		6F2784ED1C131321003922E3 /* AppDelegate.swift in Sources */ = {isa = PBXBuildFile; fileRef = 6F2784EC1C131321003922E3 /* AppDelegate.swift */; };
		6F2784EF1C131321003922E3 /* ViewController.swift in Sources */ = {isa = PBXBuildFile; fileRef = 6F2784EE1C131321003922E3 /* ViewController.swift */; };
		6F2784F21C131321003922E3 /* Main.storyboard in Resources */ = {isa = PBXBuildFile; fileRef = 6F2784F01C131321003922E3 /* Main.storyboard */; };
		6F2784F41C131321003922E3 /* Assets.xcassets in Resources */ = {isa = PBXBuildFile; fileRef = 6F2784F31C131321003922E3 /* Assets.xcassets */; };
		6F2784F71C131321003922E3 /* LaunchScreen.storyboard in Resources */ = {isa = PBXBuildFile; fileRef = 6F2784F51C131321003922E3 /* LaunchScreen.storyboard */; };
		6F2785021C131321003922E3 /* MKNetWorkSwiftTests.swift in Sources */ = {isa = PBXBuildFile; fileRef = 6F2785011C131321003922E3 /* MKNetWorkSwiftTests.swift */; };
		6F27850D1C131321003922E3 /* MKNetWorkSwiftUITests.swift in Sources */ = {isa = PBXBuildFile; fileRef = 6F27850C1C131321003922E3 /* MKNetWorkSwiftUITests.swift */; };
		6F2785351C13165C003922E3 /* NSAlert+MKNKAdditions.m in Sources */ = {isa = PBXBuildFile; fileRef = 6F27851D1C13165C003922E3 /* NSAlert+MKNKAdditions.m */; };
		6F2785361C13165C003922E3 /* NSDate+RFC1123.m in Sources */ = {isa = PBXBuildFile; fileRef = 6F27851F1C13165C003922E3 /* NSDate+RFC1123.m */; };
		6F2785371C13165C003922E3 /* NSDictionary+MKNKAdditions.m in Sources */ = {isa = PBXBuildFile; fileRef = 6F2785211C13165C003922E3 /* NSDictionary+MKNKAdditions.m */; };
		6F2785381C13165C003922E3 /* NSHTTPURLResponse+MKNKAdditions.m in Sources */ = {isa = PBXBuildFile; fileRef = 6F2785231C13165C003922E3 /* NSHTTPURLResponse+MKNKAdditions.m */; };
		6F2785391C13165C003922E3 /* NSMutableDictionary+MKNKAdditions.m in Sources */ = {isa = PBXBuildFile; fileRef = 6F2785251C13165C003922E3 /* NSMutableDictionary+MKNKAdditions.m */; };
		6F27853A1C13165C003922E3 /* NSString+MKNKAdditions.m in Sources */ = {isa = PBXBuildFile; fileRef = 6F2785271C13165C003922E3 /* NSString+MKNKAdditions.m */; };
		6F27853B1C13165C003922E3 /* UIAlertView+MKNKAdditions.m in Sources */ = {isa = PBXBuildFile; fileRef = 6F2785291C13165C003922E3 /* UIAlertView+MKNKAdditions.m */; };
		6F27853C1C13165C003922E3 /* UIImageView+MKNKAdditions.m in Sources */ = {isa = PBXBuildFile; fileRef = 6F27852B1C13165C003922E3 /* UIImageView+MKNKAdditions.m */; };
		6F27853D1C13165C003922E3 /* MKCache.m in Sources */ = {isa = PBXBuildFile; fileRef = 6F27852D1C13165C003922E3 /* MKCache.m */; };
		6F27853E1C13165C003922E3 /* MKNetworkHost.m in Sources */ = {isa = PBXBuildFile; fileRef = 6F27852F1C13165C003922E3 /* MKNetworkHost.m */; };
		6F27853F1C13165C003922E3 /* MKNetworkRequest.m in Sources */ = {isa = PBXBuildFile; fileRef = 6F2785321C13165C003922E3 /* MKNetworkRequest.m */; };
		6F2785401C13165C003922E3 /* MKObject.m in Sources */ = {isa = PBXBuildFile; fileRef = 6F2785341C13165C003922E3 /* MKObject.m */; };
/* End PBXBuildFile section */

/* Begin PBXContainerItemProxy section */
		6F2784FE1C131321003922E3 /* PBXContainerItemProxy */ = {
			isa = PBXContainerItemProxy;
			containerPortal = 6F2784E11C131321003922E3 /* Project object */;
			proxyType = 1;
			remoteGlobalIDString = 6F2784E81C131321003922E3;
			remoteInfo = MKNetWorkSwift;
		};
		6F2785091C131321003922E3 /* PBXContainerItemProxy */ = {
			isa = PBXContainerItemProxy;
			containerPortal = 6F2784E11C131321003922E3 /* Project object */;
			proxyType = 1;
			remoteGlobalIDString = 6F2784E81C131321003922E3;
			remoteInfo = MKNetWorkSwift;
		};
/* End PBXContainerItemProxy section */

/* Begin PBXFileReference section */
		6F2784E91C131321003922E3 /* MKNetWorkSwift.app */ = {isa = PBXFileReference; explicitFileType = wrapper.application; includeInIndex = 0; path = MKNetWorkSwift.app; sourceTree = BUILT_PRODUCTS_DIR; };
		6F2784EC1C131321003922E3 /* AppDelegate.swift */ = {isa = PBXFileReference; lastKnownFileType = sourcecode.swift; path = AppDelegate.swift; sourceTree = "<group>"; };
		6F2784EE1C131321003922E3 /* ViewController.swift */ = {isa = PBXFileReference; lastKnownFileType = sourcecode.swift; path = ViewController.swift; sourceTree = "<group>"; };
		6F2784F11C131321003922E3 /* Base */ = {isa = PBXFileReference; lastKnownFileType = file.storyboard; name = Base; path = Base.lproj/Main.storyboard; sourceTree = "<group>"; };
		6F2784F31C131321003922E3 /* Assets.xcassets */ = {isa = PBXFileReference; lastKnownFileType = folder.assetcatalog; path = Assets.xcassets; sourceTree = "<group>"; };
		6F2784F61C131321003922E3 /* Base */ = {isa = PBXFileReference; lastKnownFileType = file.storyboard; name = Base; path = Base.lproj/LaunchScreen.storyboard; sourceTree = "<group>"; };
		6F2784F81C131321003922E3 /* Info.plist */ = {isa = PBXFileReference; lastKnownFileType = text.plist.xml; path = Info.plist; sourceTree = "<group>"; };
		6F2784FD1C131321003922E3 /* MKNetWorkSwiftTests.xctest */ = {isa = PBXFileReference; explicitFileType = wrapper.cfbundle; includeInIndex = 0; path = MKNetWorkSwiftTests.xctest; sourceTree = BUILT_PRODUCTS_DIR; };
		6F2785011C131321003922E3 /* MKNetWorkSwiftTests.swift */ = {isa = PBXFileReference; lastKnownFileType = sourcecode.swift; path = MKNetWorkSwiftTests.swift; sourceTree = "<group>"; };
		6F2785031C131321003922E3 /* Info.plist */ = {isa = PBXFileReference; lastKnownFileType = text.plist.xml; path = Info.plist; sourceTree = "<group>"; };
		6F2785081C131321003922E3 /* MKNetWorkSwiftUITests.xctest */ = {isa = PBXFileReference; explicitFileType = wrapper.cfbundle; includeInIndex = 0; path = MKNetWorkSwiftUITests.xctest; sourceTree = BUILT_PRODUCTS_DIR; };
		6F27850C1C131321003922E3 /* MKNetWorkSwiftUITests.swift */ = {isa = PBXFileReference; lastKnownFileType = sourcecode.swift; path = MKNetWorkSwiftUITests.swift; sourceTree = "<group>"; };
		6F27850E1C131321003922E3 /* Info.plist */ = {isa = PBXFileReference; lastKnownFileType = text.plist.xml; path = Info.plist; sourceTree = "<group>"; };
		6F27851C1C13165C003922E3 /* NSAlert+MKNKAdditions.h */ = {isa = PBXFileReference; fileEncoding = 4; lastKnownFileType = sourcecode.c.h; path = "NSAlert+MKNKAdditions.h"; sourceTree = "<group>"; };
		6F27851D1C13165C003922E3 /* NSAlert+MKNKAdditions.m */ = {isa = PBXFileReference; fileEncoding = 4; lastKnownFileType = sourcecode.c.objc; path = "NSAlert+MKNKAdditions.m"; sourceTree = "<group>"; };
		6F27851E1C13165C003922E3 /* NSDate+RFC1123.h */ = {isa = PBXFileReference; fileEncoding = 4; lastKnownFileType = sourcecode.c.h; path = "NSDate+RFC1123.h"; sourceTree = "<group>"; };
		6F27851F1C13165C003922E3 /* NSDate+RFC1123.m */ = {isa = PBXFileReference; fileEncoding = 4; lastKnownFileType = sourcecode.c.objc; path = "NSDate+RFC1123.m"; sourceTree = "<group>"; };
		6F2785201C13165C003922E3 /* NSDictionary+MKNKAdditions.h */ = {isa = PBXFileReference; fileEncoding = 4; lastKnownFileType = sourcecode.c.h; path = "NSDictionary+MKNKAdditions.h"; sourceTree = "<group>"; };
		6F2785211C13165C003922E3 /* NSDictionary+MKNKAdditions.m */ = {isa = PBXFileReference; fileEncoding = 4; lastKnownFileType = sourcecode.c.objc; path = "NSDictionary+MKNKAdditions.m"; sourceTree = "<group>"; };
		6F2785221C13165C003922E3 /* NSHTTPURLResponse+MKNKAdditions.h */ = {isa = PBXFileReference; fileEncoding = 4; lastKnownFileType = sourcecode.c.h; path = "NSHTTPURLResponse+MKNKAdditions.h"; sourceTree = "<group>"; };
		6F2785231C13165C003922E3 /* NSHTTPURLResponse+MKNKAdditions.m */ = {isa = PBXFileReference; fileEncoding = 4; lastKnownFileType = sourcecode.c.objc; path = "NSHTTPURLResponse+MKNKAdditions.m"; sourceTree = "<group>"; };
		6F2785241C13165C003922E3 /* NSMutableDictionary+MKNKAdditions.h */ = {isa = PBXFileReference; fileEncoding = 4; lastKnownFileType = sourcecode.c.h; path = "NSMutableDictionary+MKNKAdditions.h"; sourceTree = "<group>"; };
		6F2785251C13165C003922E3 /* NSMutableDictionary+MKNKAdditions.m */ = {isa = PBXFileReference; fileEncoding = 4; lastKnownFileType = sourcecode.c.objc; path = "NSMutableDictionary+MKNKAdditions.m"; sourceTree = "<group>"; };
		6F2785261C13165C003922E3 /* NSString+MKNKAdditions.h */ = {isa = PBXFileReference; fileEncoding = 4; lastKnownFileType = sourcecode.c.h; path = "NSString+MKNKAdditions.h"; sourceTree = "<group>"; };
		6F2785271C13165C003922E3 /* NSString+MKNKAdditions.m */ = {isa = PBXFileReference; fileEncoding = 4; lastKnownFileType = sourcecode.c.objc; path = "NSString+MKNKAdditions.m"; sourceTree = "<group>"; };
		6F2785281C13165C003922E3 /* UIAlertView+MKNKAdditions.h */ = {isa = PBXFileReference; fileEncoding = 4; lastKnownFileType = sourcecode.c.h; path = "UIAlertView+MKNKAdditions.h"; sourceTree = "<group>"; };
		6F2785291C13165C003922E3 /* UIAlertView+MKNKAdditions.m */ = {isa = PBXFileReference; fileEncoding = 4; lastKnownFileType = sourcecode.c.objc; path = "UIAlertView+MKNKAdditions.m"; sourceTree = "<group>"; };
		6F27852A1C13165C003922E3 /* UIImageView+MKNKAdditions.h */ = {isa = PBXFileReference; fileEncoding = 4; lastKnownFileType = sourcecode.c.h; path = "UIImageView+MKNKAdditions.h"; sourceTree = "<group>"; };
		6F27852B1C13165C003922E3 /* UIImageView+MKNKAdditions.m */ = {isa = PBXFileReference; fileEncoding = 4; lastKnownFileType = sourcecode.c.objc; path = "UIImageView+MKNKAdditions.m"; sourceTree = "<group>"; };
		6F27852C1C13165C003922E3 /* MKCache.h */ = {isa = PBXFileReference; fileEncoding = 4; lastKnownFileType = sourcecode.c.h; path = MKCache.h; sourceTree = "<group>"; };
		6F27852D1C13165C003922E3 /* MKCache.m */ = {isa = PBXFileReference; fileEncoding = 4; lastKnownFileType = sourcecode.c.objc; path = MKCache.m; sourceTree = "<group>"; };
		6F27852E1C13165C003922E3 /* MKNetworkHost.h */ = {isa = PBXFileReference; fileEncoding = 4; lastKnownFileType = sourcecode.c.h; path = MKNetworkHost.h; sourceTree = "<group>"; };
		6F27852F1C13165C003922E3 /* MKNetworkHost.m */ = {isa = PBXFileReference; fileEncoding = 4; lastKnownFileType = sourcecode.c.objc; path = MKNetworkHost.m; sourceTree = "<group>"; };
		6F2785301C13165C003922E3 /* MKNetworkKit.h */ = {isa = PBXFileReference; fileEncoding = 4; lastKnownFileType = sourcecode.c.h; path = MKNetworkKit.h; sourceTree = "<group>"; };
		6F2785311C13165C003922E3 /* MKNetworkRequest.h */ = {isa = PBXFileReference; fileEncoding = 4; lastKnownFileType = sourcecode.c.h; path = MKNetworkRequest.h; sourceTree = "<group>"; };
		6F2785321C13165C003922E3 /* MKNetworkRequest.m */ = {isa = PBXFileReference; fileEncoding = 4; lastKnownFileType = sourcecode.c.objc; path = MKNetworkRequest.m; sourceTree = "<group>"; };
		6F2785331C13165C003922E3 /* MKObject.h */ = {isa = PBXFileReference; fileEncoding = 4; lastKnownFileType = sourcecode.c.h; path = MKObject.h; sourceTree = "<group>"; };
		6F2785341C13165C003922E3 /* MKObject.m */ = {isa = PBXFileReference; fileEncoding = 4; lastKnownFileType = sourcecode.c.objc; path = MKObject.m; sourceTree = "<group>"; };
		6F2785451C131C75003922E3 /* MKNetWorkSwift-Bridging-Header.h */ = {isa = PBXFileReference; fileEncoding = 4; lastKnownFileType = sourcecode.c.h; path = "MKNetWorkSwift-Bridging-Header.h"; sourceTree = "<group>"; };
/* End PBXFileReference section */

/* Begin PBXFrameworksBuildPhase section */
		6F2784E61C131321003922E3 /* Frameworks */ = {
			isa = PBXFrameworksBuildPhase;
			buildActionMask = 2147483647;
			files = (
			);
			runOnlyForDeploymentPostprocessing = 0;
		};
		6F2784FA1C131321003922E3 /* Frameworks */ = {
			isa = PBXFrameworksBuildPhase;
			buildActionMask = 2147483647;
			files = (
			);
			runOnlyForDeploymentPostprocessing = 0;
		};
		6F2785051C131321003922E3 /* Frameworks */ = {
			isa = PBXFrameworksBuildPhase;
			buildActionMask = 2147483647;
			files = (
			);
			runOnlyForDeploymentPostprocessing = 0;
		};
/* End PBXFrameworksBuildPhase section */

/* Begin PBXGroup section */
		6F2784E01C131321003922E3 = {
			isa = PBXGroup;
			children = (
				6F2785451C131C75003922E3 /* MKNetWorkSwift-Bridging-Header.h */,
				6F2784EB1C131321003922E3 /* MKNetWorkSwift */,
				6F2785001C131321003922E3 /* MKNetWorkSwiftTests */,
				6F27850B1C131321003922E3 /* MKNetWorkSwiftUITests */,
				6F2784EA1C131321003922E3 /* Products */,
			);
			sourceTree = "<group>";
		};
		6F2784EA1C131321003922E3 /* Products */ = {
			isa = PBXGroup;
			children = (
				6F2784E91C131321003922E3 /* MKNetWorkSwift.app */,
				6F2784FD1C131321003922E3 /* MKNetWorkSwiftTests.xctest */,
				6F2785081C131321003922E3 /* MKNetWorkSwiftUITests.xctest */,
			);
			name = Products;
			sourceTree = "<group>";
		};
		6F2784EB1C131321003922E3 /* MKNetWorkSwift */ = {
			isa = PBXGroup;
			children = (
				6F27851A1C13165C003922E3 /* MKNetworkKit */,
				6F2784EE1C131321003922E3 /* ViewController.swift */,
				6F2784EC1C131321003922E3 /* AppDelegate.swift */,
				6F2784F01C131321003922E3 /* Main.storyboard */,
				6F2784F31C131321003922E3 /* Assets.xcassets */,
				6F2784F51C131321003922E3 /* LaunchScreen.storyboard */,
				6F2784F81C131321003922E3 /* Info.plist */,
			);
			path = MKNetWorkSwift;
			sourceTree = "<group>";
		};
		6F2785001C131321003922E3 /* MKNetWorkSwiftTests */ = {
			isa = PBXGroup;
			children = (
				6F2785011C131321003922E3 /* MKNetWorkSwiftTests.swift */,
				6F2785031C131321003922E3 /* Info.plist */,
			);
			path = MKNetWorkSwiftTests;
			sourceTree = "<group>";
		};
		6F27850B1C131321003922E3 /* MKNetWorkSwiftUITests */ = {
			isa = PBXGroup;
			children = (
				6F27850C1C131321003922E3 /* MKNetWorkSwiftUITests.swift */,
				6F27850E1C131321003922E3 /* Info.plist */,
			);
			path = MKNetWorkSwiftUITests;
			sourceTree = "<group>";
		};
		6F27851A1C13165C003922E3 /* MKNetworkKit */ = {
			isa = PBXGroup;
			children = (
				6F27851B1C13165C003922E3 /* Extensions */,
				6F27852C1C13165C003922E3 /* MKCache.h */,
				6F27852D1C13165C003922E3 /* MKCache.m */,
				6F27852E1C13165C003922E3 /* MKNetworkHost.h */,
				6F27852F1C13165C003922E3 /* MKNetworkHost.m */,
				6F2785301C13165C003922E3 /* MKNetworkKit.h */,
				6F2785311C13165C003922E3 /* MKNetworkRequest.h */,
				6F2785321C13165C003922E3 /* MKNetworkRequest.m */,
				6F2785331C13165C003922E3 /* MKObject.h */,
				6F2785341C13165C003922E3 /* MKObject.m */,
			);
			path = MKNetworkKit;
			sourceTree = "<group>";
		};
		6F27851B1C13165C003922E3 /* Extensions */ = {
			isa = PBXGroup;
			children = (
				6F27851C1C13165C003922E3 /* NSAlert+MKNKAdditions.h */,
				6F27851D1C13165C003922E3 /* NSAlert+MKNKAdditions.m */,
				6F27851E1C13165C003922E3 /* NSDate+RFC1123.h */,
				6F27851F1C13165C003922E3 /* NSDate+RFC1123.m */,
				6F2785201C13165C003922E3 /* NSDictionary+MKNKAdditions.h */,
				6F2785211C13165C003922E3 /* NSDictionary+MKNKAdditions.m */,
				6F2785221C13165C003922E3 /* NSHTTPURLResponse+MKNKAdditions.h */,
				6F2785231C13165C003922E3 /* NSHTTPURLResponse+MKNKAdditions.m */,
				6F2785241C13165C003922E3 /* NSMutableDictionary+MKNKAdditions.h */,
				6F2785251C13165C003922E3 /* NSMutableDictionary+MKNKAdditions.m */,
				6F2785261C13165C003922E3 /* NSString+MKNKAdditions.h */,
				6F2785271C13165C003922E3 /* NSString+MKNKAdditions.m */,
				6F2785281C13165C003922E3 /* UIAlertView+MKNKAdditions.h */,
				6F2785291C13165C003922E3 /* UIAlertView+MKNKAdditions.m */,
				6F27852A1C13165C003922E3 /* UIImageView+MKNKAdditions.h */,
				6F27852B1C13165C003922E3 /* UIImageView+MKNKAdditions.m */,
			);
			path = Extensions;
			sourceTree = "<group>";
		};
/* End PBXGroup section */

/* Begin PBXNativeTarget section */
		6F2784E81C131321003922E3 /* MKNetWorkSwift */ = {
			isa = PBXNativeTarget;
			buildConfigurationList = 6F2785111C131321003922E3 /* Build configuration list for PBXNativeTarget "MKNetWorkSwift" */;
			buildPhases = (
				6F2784E51C131321003922E3 /* Sources */,
				6F2784E61C131321003922E3 /* Frameworks */,
				6F2784E71C131321003922E3 /* Resources */,
			);
			buildRules = (
			);
			dependencies = (
			);
			name = MKNetWorkSwift;
			productName = MKNetWorkSwift;
			productReference = 6F2784E91C131321003922E3 /* MKNetWorkSwift.app */;
			productType = "com.apple.product-type.application";
		};
		6F2784FC1C131321003922E3 /* MKNetWorkSwiftTests */ = {
			isa = PBXNativeTarget;
			buildConfigurationList = 6F2785141C131321003922E3 /* Build configuration list for PBXNativeTarget "MKNetWorkSwiftTests" */;
			buildPhases = (
				6F2784F91C131321003922E3 /* Sources */,
				6F2784FA1C131321003922E3 /* Frameworks */,
				6F2784FB1C131321003922E3 /* Resources */,
			);
			buildRules = (
			);
			dependencies = (
				6F2784FF1C131321003922E3 /* PBXTargetDependency */,
			);
			name = MKNetWorkSwiftTests;
			productName = MKNetWorkSwiftTests;
			productReference = 6F2784FD1C131321003922E3 /* MKNetWorkSwiftTests.xctest */;
			productType = "com.apple.product-type.bundle.unit-test";
		};
		6F2785071C131321003922E3 /* MKNetWorkSwiftUITests */ = {
			isa = PBXNativeTarget;
			buildConfigurationList = 6F2785171C131321003922E3 /* Build configuration list for PBXNativeTarget "MKNetWorkSwiftUITests" */;
			buildPhases = (
				6F2785041C131321003922E3 /* Sources */,
				6F2785051C131321003922E3 /* Frameworks */,
				6F2785061C131321003922E3 /* Resources */,
			);
			buildRules = (
			);
			dependencies = (
				6F27850A1C131321003922E3 /* PBXTargetDependency */,
			);
			name = MKNetWorkSwiftUITests;
			productName = MKNetWorkSwiftUITests;
			productReference = 6F2785081C131321003922E3 /* MKNetWorkSwiftUITests.xctest */;
			productType = "com.apple.product-type.bundle.ui-testing";
		};
/* End PBXNativeTarget section */

/* Begin PBXProject section */
		6F2784E11C131321003922E3 /* Project object */ = {
			isa = PBXProject;
			attributes = {
				LastSwiftUpdateCheck = 0710;
				LastUpgradeCheck = 0710;
				ORGANIZATIONNAME = FengYinghao;
				TargetAttributes = {
					6F2784E81C131321003922E3 = {
						CreatedOnToolsVersion = 7.1.1;
					};
					6F2784FC1C131321003922E3 = {
						CreatedOnToolsVersion = 7.1.1;
						TestTargetID = 6F2784E81C131321003922E3;
					};
					6F2785071C131321003922E3 = {
						CreatedOnToolsVersion = 7.1.1;
						TestTargetID = 6F2784E81C131321003922E3;
					};
				};
			};
			buildConfigurationList = 6F2784E41C131321003922E3 /* Build configuration list for PBXProject "MKNetWorkSwift" */;
			compatibilityVersion = "Xcode 3.2";
			developmentRegion = English;
			hasScannedForEncodings = 0;
			knownRegions = (
				en,
				Base,
			);
			mainGroup = 6F2784E01C131321003922E3;
			productRefGroup = 6F2784EA1C131321003922E3 /* Products */;
			projectDirPath = "";
			projectRoot = "";
			targets = (
				6F2784E81C131321003922E3 /* MKNetWorkSwift */,
				6F2784FC1C131321003922E3 /* MKNetWorkSwiftTests */,
				6F2785071C131321003922E3 /* MKNetWorkSwiftUITests */,
			);
		};
/* End PBXProject section */

/* Begin PBXResourcesBuildPhase section */
		6F2784E71C131321003922E3 /* Resources */ = {
			isa = PBXResourcesBuildPhase;
			buildActionMask = 2147483647;
			files = (
				6F2784F71C131321003922E3 /* LaunchScreen.storyboard in Resources */,
				6F2784F41C131321003922E3 /* Assets.xcassets in Resources */,
				6F2784F21C131321003922E3 /* Main.storyboard in Resources */,
			);
			runOnlyForDeploymentPostprocessing = 0;
		};
		6F2784FB1C131321003922E3 /* Resources */ = {
			isa = PBXResourcesBuildPhase;
			buildActionMask = 2147483647;
			files = (
			);
			runOnlyForDeploymentPostprocessing = 0;
		};
		6F2785061C131321003922E3 /* Resources */ = {
			isa = PBXResourcesBuildPhase;
			buildActionMask = 2147483647;
			files = (
			);
			runOnlyForDeploymentPostprocessing = 0;
		};
/* End PBXResourcesBuildPhase section */

/* Begin PBXSourcesBuildPhase section */
		6F2784E51C131321003922E3 /* Sources */ = {
			isa = PBXSourcesBuildPhase;
			buildActionMask = 2147483647;
			files = (
				6F2785401C13165C003922E3 /* MKObject.m in Sources */,
				6F27853F1C13165C003922E3 /* MKNetworkRequest.m in Sources */,
				6F2784EF1C131321003922E3 /* ViewController.swift in Sources */,
				6F2785391C13165C003922E3 /* NSMutableDictionary+MKNKAdditions.m in Sources */,
				6F2784ED1C131321003922E3 /* AppDelegate.swift in Sources */,
				6F27853C1C13165C003922E3 /* UIImageView+MKNKAdditions.m in Sources */,
				6F2785381C13165C003922E3 /* NSHTTPURLResponse+MKNKAdditions.m in Sources */,
				6F2785371C13165C003922E3 /* NSDictionary+MKNKAdditions.m in Sources */,
				6F27853E1C13165C003922E3 /* MKNetworkHost.m in Sources */,
				6F2785351C13165C003922E3 /* NSAlert+MKNKAdditions.m in Sources */,
				6F27853A1C13165C003922E3 /* NSString+MKNKAdditions.m in Sources */,
				6F2785361C13165C003922E3 /* NSDate+RFC1123.m in Sources */,
				6F27853D1C13165C003922E3 /* MKCache.m in Sources */,
				6F27853B1C13165C003922E3 /* UIAlertView+MKNKAdditions.m in Sources */,
			);
			runOnlyForDeploymentPostprocessing = 0;
		};
		6F2784F91C131321003922E3 /* Sources */ = {
			isa = PBXSourcesBuildPhase;
			buildActionMask = 2147483647;
			files = (
				6F2785021C131321003922E3 /* MKNetWorkSwiftTests.swift in Sources */,
			);
			runOnlyForDeploymentPostprocessing = 0;
		};
		6F2785041C131321003922E3 /* Sources */ = {
			isa = PBXSourcesBuildPhase;
			buildActionMask = 2147483647;
			files = (
				6F27850D1C131321003922E3 /* MKNetWorkSwiftUITests.swift in Sources */,
			);
			runOnlyForDeploymentPostprocessing = 0;
		};
/* End PBXSourcesBuildPhase section */

/* Begin PBXTargetDependency section */
		6F2784FF1C131321003922E3 /* PBXTargetDependency */ = {
			isa = PBXTargetDependency;
			target = 6F2784E81C131321003922E3 /* MKNetWorkSwift */;
			targetProxy = 6F2784FE1C131321003922E3 /* PBXContainerItemProxy */;
		};
		6F27850A1C131321003922E3 /* PBXTargetDependency */ = {
			isa = PBXTargetDependency;
			target = 6F2784E81C131321003922E3 /* MKNetWorkSwift */;
			targetProxy = 6F2785091C131321003922E3 /* PBXContainerItemProxy */;
		};
/* End PBXTargetDependency section */

/* Begin PBXVariantGroup section */
		6F2784F01C131321003922E3 /* Main.storyboard */ = {
			isa = PBXVariantGroup;
			children = (
				6F2784F11C131321003922E3 /* Base */,
			);
			name = Main.storyboard;
			sourceTree = "<group>";
		};
		6F2784F51C131321003922E3 /* LaunchScreen.storyboard */ = {
			isa = PBXVariantGroup;
			children = (
				6F2784F61C131321003922E3 /* Base */,
			);
			name = LaunchScreen.storyboard;
			sourceTree = "<group>";
		};
/* End PBXVariantGroup section */

/* Begin XCBuildConfiguration section */
		6F27850F1C131321003922E3 /* Debug */ = {
			isa = XCBuildConfiguration;
			buildSettings = {
				ALWAYS_SEARCH_USER_PATHS = NO;
				CLANG_CXX_LANGUAGE_STANDARD = "gnu++0x";
				CLANG_CXX_LIBRARY = "libc++";
				CLANG_ENABLE_MODULES = YES;
				CLANG_ENABLE_OBJC_ARC = YES;
				CLANG_WARN_BOOL_CONVERSION = YES;
				CLANG_WARN_CONSTANT_CONVERSION = YES;
				CLANG_WARN_DIRECT_OBJC_ISA_USAGE = YES_ERROR;
				CLANG_WARN_EMPTY_BODY = YES;
				CLANG_WARN_ENUM_CONVERSION = YES;
				CLANG_WARN_INT_CONVERSION = YES;
				CLANG_WARN_OBJC_ROOT_CLASS = YES_ERROR;
				CLANG_WARN_UNREACHABLE_CODE = YES;
				CLANG_WARN__DUPLICATE_METHOD_MATCH = YES;
				"CODE_SIGN_IDENTITY[sdk=iphoneos*]" = "iPhone Developer";
				COPY_PHASE_STRIP = NO;
				DEBUG_INFORMATION_FORMAT = dwarf;
				ENABLE_STRICT_OBJC_MSGSEND = YES;
				ENABLE_TESTABILITY = YES;
				GCC_C_LANGUAGE_STANDARD = gnu99;
				GCC_DYNAMIC_NO_PIC = NO;
				GCC_NO_COMMON_BLOCKS = YES;
				GCC_OPTIMIZATION_LEVEL = 0;
				GCC_PREPROCESSOR_DEFINITIONS = (
					"DEBUG=1",
					"$(inherited)",
				);
				GCC_WARN_64_TO_32_BIT_CONVERSION = YES;
				GCC_WARN_ABOUT_RETURN_TYPE = YES_ERROR;
				GCC_WARN_UNDECLARED_SELECTOR = YES;
				GCC_WARN_UNINITIALIZED_AUTOS = YES_AGGRESSIVE;
				GCC_WARN_UNUSED_FUNCTION = YES;
				GCC_WARN_UNUSED_VARIABLE = YES;
				IPHONEOS_DEPLOYMENT_TARGET = 9.1;
				MTL_ENABLE_DEBUG_INFO = YES;
				ONLY_ACTIVE_ARCH = YES;
				SDKROOT = iphoneos;
				SWIFT_OPTIMIZATION_LEVEL = "-Onone";
				TARGETED_DEVICE_FAMILY = "1,2";
			};
			name = Debug;
		};
		6F2785101C131321003922E3 /* Release */ = {
			isa = XCBuildConfiguration;
			buildSettings = {
				ALWAYS_SEARCH_USER_PATHS = NO;
				CLANG_CXX_LANGUAGE_STANDARD = "gnu++0x";
				CLANG_CXX_LIBRARY = "libc++";
				CLANG_ENABLE_MODULES = YES;
				CLANG_ENABLE_OBJC_ARC = YES;
				CLANG_WARN_BOOL_CONVERSION = YES;
				CLANG_WARN_CONSTANT_CONVERSION = YES;
				CLANG_WARN_DIRECT_OBJC_ISA_USAGE = YES_ERROR;
				CLANG_WARN_EMPTY_BODY = YES;
				CLANG_WARN_ENUM_CONVERSION = YES;
				CLANG_WARN_INT_CONVERSION = YES;
				CLANG_WARN_OBJC_ROOT_CLASS = YES_ERROR;
				CLANG_WARN_UNREACHABLE_CODE = YES;
				CLANG_WARN__DUPLICATE_METHOD_MATCH = YES;
				"CODE_SIGN_IDENTITY[sdk=iphoneos*]" = "iPhone Developer";
				COPY_PHASE_STRIP = NO;
				DEBUG_INFORMATION_FORMAT = "dwarf-with-dsym";
				ENABLE_NS_ASSERTIONS = NO;
				ENABLE_STRICT_OBJC_MSGSEND = YES;
				GCC_C_LANGUAGE_STANDARD = gnu99;
				GCC_NO_COMMON_BLOCKS = YES;
				GCC_WARN_64_TO_32_BIT_CONVERSION = YES;
				GCC_WARN_ABOUT_RETURN_TYPE = YES_ERROR;
				GCC_WARN_UNDECLARED_SELECTOR = YES;
				GCC_WARN_UNINITIALIZED_AUTOS = YES_AGGRESSIVE;
				GCC_WARN_UNUSED_FUNCTION = YES;
				GCC_WARN_UNUSED_VARIABLE = YES;
				IPHONEOS_DEPLOYMENT_TARGET = 9.1;
				MTL_ENABLE_DEBUG_INFO = NO;
				SDKROOT = iphoneos;
				TARGETED_DEVICE_FAMILY = "1,2";
				VALIDATE_PRODUCT = YES;
			};
			name = Release;
		};
		6F2785121C131321003922E3 /* Debug */ = {
			isa = XCBuildConfiguration;
			buildSettings = {
				ASSETCATALOG_COMPILER_APPICON_NAME = AppIcon;
				INFOPLIST_FILE = MKNetWorkSwift/Info.plist;
				LD_RUNPATH_SEARCH_PATHS = "$(inherited) @executable_path/Frameworks";
				PRODUCT_BUNDLE_IDENTIFIER = com.yinghaofeng.MKNetWorkSwift;
				PRODUCT_NAME = "$(TARGET_NAME)";
				SWIFT_OBJC_BRIDGING_HEADER = "MKNetWorkSwift-Bridging-Header.h";
			};
			name = Debug;
		};
		6F2785131C131321003922E3 /* Release */ = {
			isa = XCBuildConfiguration;
			buildSettings = {
				ASSETCATALOG_COMPILER_APPICON_NAME = AppIcon;
				INFOPLIST_FILE = MKNetWorkSwift/Info.plist;
				LD_RUNPATH_SEARCH_PATHS = "$(inherited) @executable_path/Frameworks";
				PRODUCT_BUNDLE_IDENTIFIER = com.yinghaofeng.MKNetWorkSwift;
				PRODUCT_NAME = "$(TARGET_NAME)";
				SWIFT_OBJC_BRIDGING_HEADER = "MKNetWorkSwift-Bridging-Header.h";
			};
			name = Release;
		};
		6F2785151C131321003922E3 /* Debug */ = {
			isa = XCBuildConfiguration;
			buildSettings = {
				BUNDLE_LOADER = "$(TEST_HOST)";
				INFOPLIST_FILE = MKNetWorkSwiftTests/Info.plist;
				LD_RUNPATH_SEARCH_PATHS = "$(inherited) @executable_path/Frameworks @loader_path/Frameworks";
				PRODUCT_BUNDLE_IDENTIFIER = com.yinghaofeng.MKNetWorkSwiftTests;
				PRODUCT_NAME = "$(TARGET_NAME)";
				TEST_HOST = "$(BUILT_PRODUCTS_DIR)/MKNetWorkSwift.app/MKNetWorkSwift";
			};
			name = Debug;
		};
		6F2785161C131321003922E3 /* Release */ = {
			isa = XCBuildConfiguration;
			buildSettings = {
				BUNDLE_LOADER = "$(TEST_HOST)";
				INFOPLIST_FILE = MKNetWorkSwiftTests/Info.plist;
				LD_RUNPATH_SEARCH_PATHS = "$(inherited) @executable_path/Frameworks @loader_path/Frameworks";
				PRODUCT_BUNDLE_IDENTIFIER = com.yinghaofeng.MKNetWorkSwiftTests;
				PRODUCT_NAME = "$(TARGET_NAME)";
				TEST_HOST = "$(BUILT_PRODUCTS_DIR)/MKNetWorkSwift.app/MKNetWorkSwift";
			};
			name = Release;
		};
		6F2785181C131321003922E3 /* Debug */ = {
			isa = XCBuildConfiguration;
			buildSettings = {
				INFOPLIST_FILE = MKNetWorkSwiftUITests/Info.plist;
				LD_RUNPATH_SEARCH_PATHS = "$(inherited) @executable_path/Frameworks @loader_path/Frameworks";
				PRODUCT_BUNDLE_IDENTIFIER = com.yinghaofeng.MKNetWorkSwiftUITests;
				PRODUCT_NAME = "$(TARGET_NAME)";
				TEST_TARGET_NAME = MKNetWorkSwift;
				USES_XCTRUNNER = YES;
			};
			name = Debug;
		};
		6F2785191C131321003922E3 /* Release */ = {
			isa = XCBuildConfiguration;
			buildSettings = {
				INFOPLIST_FILE = MKNetWorkSwiftUITests/Info.plist;
				LD_RUNPATH_SEARCH_PATHS = "$(inherited) @executable_path/Frameworks @loader_path/Frameworks";
				PRODUCT_BUNDLE_IDENTIFIER = com.yinghaofeng.MKNetWorkSwiftUITests;
				PRODUCT_NAME = "$(TARGET_NAME)";
				TEST_TARGET_NAME = MKNetWorkSwift;
				USES_XCTRUNNER = YES;
			};
			name = Release;
		};
/* End XCBuildConfiguration section */

/* Begin XCConfigurationList section */
		6F2784E41C131321003922E3 /* Build configuration list for PBXProject "MKNetWorkSwift" */ = {
			isa = XCConfigurationList;
			buildConfigurations = (
				6F27850F1C131321003922E3 /* Debug */,
				6F2785101C131321003922E3 /* Release */,
			);
			defaultConfigurationIsVisible = 0;
			defaultConfigurationName = Release;
		};
		6F2785111C131321003922E3 /* Build configuration list for PBXNativeTarget "MKNetWorkSwift" */ = {
			isa = XCConfigurationList;
			buildConfigurations = (
				6F2785121C131321003922E3 /* Debug */,
				6F2785131C131321003922E3 /* Release */,
			);
			defaultConfigurationIsVisible = 0;
			defaultConfigurationName = Release;
		};
		6F2785141C131321003922E3 /* Build configuration list for PBXNativeTarget "MKNetWorkSwiftTests" */ = {
			isa = XCConfigurationList;
			buildConfigurations = (
				6F2785151C131321003922E3 /* Debug */,
				6F2785161C131321003922E3 /* Release */,
			);
			defaultConfigurationIsVisible = 0;
			defaultConfigurationName = Release;
		};
		6F2785171C131321003922E3 /* Build configuration list for PBXNativeTarget "MKNetWorkSwiftUITests" */ = {
			isa = XCConfigurationList;
			buildConfigurations = (
				6F2785181C131321003922E3 /* Debug */,
				6F2785191C131321003922E3 /* Release */,
			);
			defaultConfigurationIsVisible = 0;
			defaultConfigurationName = Release;
		};
/* End XCConfigurationList section */
	};
	rootObject = 6F2784E11C131321003922E3 /* Project object */;
}
